
Microsoft Visual Studio Solution File, Format Version 12.00
# Visual Studio 15
VisualStudioVersion = 15.0.27004.2009
MinimumVisualStudioVersion = 10.0.40219.1
Project("{8BC9CEB8-8B4A-11D0-8D11-00A0C91BC942}") = "Stack_DSA", "Stack_DSA\Stack_DSA.vcxproj", "{721FAC95-4BBE-4F25-987F-96C6BE20E88C}"
EndProject
Global
	GlobalSection(SolutionConfigurationPlatforms) = preSolution
		Debug|x64 = Debug|x64
		Debug|x86 = Debug|x86
		Release|x64 = Release|x64
		Release|x86 = Release|x86
	EndGlobalSection
	GlobalSection(ProjectConfigurationPlatforms) = postSolution
		{721FAC95-4BBE-4F25-987F-96C6BE20E88C}.Debug|x64.ActiveCfg = Debug|x64
		{721FAC95-4BBE-4F25-987F-96C6BE20E88C}.Debug|x64.Build.0 = Debug|x64
		{721FAC95-4BBE-4F25-987F-96C6BE20E88C}.Debug|x86.ActiveCfg = Debug|Win32
		{721FAC95-4BBE-4F25-987F-96C6BE20E88C}.Debug|x86.Build.0 = Debug|Win32
		{721FAC95-4BBE-4F25-987F-96C6BE20E88C}.Release|x64.ActiveCfg = Release|x64
		{721FAC95-4BBE-4F25-987F-96C6BE20E88C}.Release|x64.Build.0 = Release|x64
		{721FAC95-4BBE-4F25-987F-96C6BE20E88C}.Release|x86.ActiveCfg = Release|Win32
		{721FAC95-4BBE-4F25-987F-96C6BE20E88C}.Release|x86.Build.0 = Release|Win32
	EndGlobalSection
	GlobalSection(SolutionProperties) = preSolution
		HideSolutionNode = FALSE
	EndGlobalSection
	GlobalSection(ExtensibilityGlobals) = postSolution
		SolutionGuid = {5D24D15F-F0FB-41AA-AA28-A70BAD043005}
	EndGlobalSection
EndGlobal
