
Microsoft Visual Studio Solution File, Format Version 12.00
# Visual Studio 15
VisualStudioVersion = 15.0.27004.2009
MinimumVisualStudioVersion = 10.0.40219.1
Project("{8BC9CEB8-8B4A-11D0-8D11-00A0C91BC942}") = "EqualStacks", "EqualStacks\EqualStacks.vcxproj", "{F9BCB586-17B6-4080-A60F-9F006D3A985F}"
EndProject
Global
	GlobalSection(SolutionConfigurationPlatforms) = preSolution
		Debug|x64 = Debug|x64
		Debug|x86 = Debug|x86
		Release|x64 = Release|x64
		Release|x86 = Release|x86
	EndGlobalSection
	GlobalSection(ProjectConfigurationPlatforms) = postSolution
		{F9BCB586-17B6-4080-A60F-9F006D3A985F}.Debug|x64.ActiveCfg = Debug|x64
		{F9BCB586-17B6-4080-A60F-9F006D3A985F}.Debug|x64.Build.0 = Debug|x64
		{F9BCB586-17B6-4080-A60F-9F006D3A985F}.Debug|x86.ActiveCfg = Debug|Win32
		{F9BCB586-17B6-4080-A60F-9F006D3A985F}.Debug|x86.Build.0 = Debug|Win32
		{F9BCB586-17B6-4080-A60F-9F006D3A985F}.Release|x64.ActiveCfg = Release|x64
		{F9BCB586-17B6-4080-A60F-9F006D3A985F}.Release|x64.Build.0 = Release|x64
		{F9BCB586-17B6-4080-A60F-9F006D3A985F}.Release|x86.ActiveCfg = Release|Win32
		{F9BCB586-17B6-4080-A60F-9F006D3A985F}.Release|x86.Build.0 = Release|Win32
	EndGlobalSection
	GlobalSection(SolutionProperties) = preSolution
		HideSolutionNode = FALSE
	EndGlobalSection
	GlobalSection(ExtensibilityGlobals) = postSolution
		SolutionGuid = {0B811C63-C372-4840-9BB3-DC101C2A963F}
	EndGlobalSection
EndGlobal
