
Microsoft Visual Studio Solution File, Format Version 12.00
# Visual Studio 15
VisualStudioVersion = 15.0.27004.2009
MinimumVisualStudioVersion = 10.0.40219.1
Project("{8BC9CEB8-8B4A-11D0-8D11-00A0C91BC942}") = "ManagementOfACompany", "ManagementOfACompany\ManagementOfACompany.vcxproj", "{D292F335-DCEF-41D8-A6A1-A1BCBDDB0BC1}"
EndProject
Global
	GlobalSection(SolutionConfigurationPlatforms) = preSolution
		Debug|x64 = Debug|x64
		Debug|x86 = Debug|x86
		Release|x64 = Release|x64
		Release|x86 = Release|x86
	EndGlobalSection
	GlobalSection(ProjectConfigurationPlatforms) = postSolution
		{D292F335-DCEF-41D8-A6A1-A1BCBDDB0BC1}.Debug|x64.ActiveCfg = Debug|x64
		{D292F335-DCEF-41D8-A6A1-A1BCBDDB0BC1}.Debug|x64.Build.0 = Debug|x64
		{D292F335-DCEF-41D8-A6A1-A1BCBDDB0BC1}.Debug|x86.ActiveCfg = Debug|Win32
		{D292F335-DCEF-41D8-A6A1-A1BCBDDB0BC1}.Debug|x86.Build.0 = Debug|Win32
		{D292F335-DCEF-41D8-A6A1-A1BCBDDB0BC1}.Release|x64.ActiveCfg = Release|x64
		{D292F335-DCEF-41D8-A6A1-A1BCBDDB0BC1}.Release|x64.Build.0 = Release|x64
		{D292F335-DCEF-41D8-A6A1-A1BCBDDB0BC1}.Release|x86.ActiveCfg = Release|Win32
		{D292F335-DCEF-41D8-A6A1-A1BCBDDB0BC1}.Release|x86.Build.0 = Release|Win32
	EndGlobalSection
	GlobalSection(SolutionProperties) = preSolution
		HideSolutionNode = FALSE
	EndGlobalSection
	GlobalSection(ExtensibilityGlobals) = postSolution
		SolutionGuid = {97ED0BD4-6750-41FB-8CA4-7B354E87D8BF}
	EndGlobalSection
EndGlobal
