
Microsoft Visual Studio Solution File, Format Version 12.00
# Visual Studio 15
VisualStudioVersion = 15.0.27004.2009
MinimumVisualStudioVersion = 10.0.40219.1
Project("{8BC9CEB8-8B4A-11D0-8D11-00A0C91BC942}") = "Stack_DSA_Linked_List", "Stack_DSA_Linked_List\Stack_DSA_Linked_List.vcxproj", "{F15AF73F-E2CA-4894-9257-DDE225ACA3AD}"
EndProject
Global
	GlobalSection(SolutionConfigurationPlatforms) = preSolution
		Debug|x64 = Debug|x64
		Debug|x86 = Debug|x86
		Release|x64 = Release|x64
		Release|x86 = Release|x86
	EndGlobalSection
	GlobalSection(ProjectConfigurationPlatforms) = postSolution
		{F15AF73F-E2CA-4894-9257-DDE225ACA3AD}.Debug|x64.ActiveCfg = Debug|x64
		{F15AF73F-E2CA-4894-9257-DDE225ACA3AD}.Debug|x64.Build.0 = Debug|x64
		{F15AF73F-E2CA-4894-9257-DDE225ACA3AD}.Debug|x86.ActiveCfg = Debug|Win32
		{F15AF73F-E2CA-4894-9257-DDE225ACA3AD}.Debug|x86.Build.0 = Debug|Win32
		{F15AF73F-E2CA-4894-9257-DDE225ACA3AD}.Release|x64.ActiveCfg = Release|x64
		{F15AF73F-E2CA-4894-9257-DDE225ACA3AD}.Release|x64.Build.0 = Release|x64
		{F15AF73F-E2CA-4894-9257-DDE225ACA3AD}.Release|x86.ActiveCfg = Release|Win32
		{F15AF73F-E2CA-4894-9257-DDE225ACA3AD}.Release|x86.Build.0 = Release|Win32
	EndGlobalSection
	GlobalSection(SolutionProperties) = preSolution
		HideSolutionNode = FALSE
	EndGlobalSection
	GlobalSection(ExtensibilityGlobals) = postSolution
		SolutionGuid = {AEB9F5DA-85C6-4BC8-A38A-C1F2CDEC81B4}
	EndGlobalSection
EndGlobal
